// !$*UTF8*$!
{
	archiveVersion = 1;
	classes = {
	};
	objectVersion = 50;
	objects = {

/* Begin PBXBuildFile section */
		281208032684F31A009B06DA /* AppDelegate.swift in Sources */ = {isa = PBXBuildFile; fileRef = 281208022684F31A009B06DA /* AppDelegate.swift */; };
		281208052684F31A009B06DA /* SceneDelegate.swift in Sources */ = {isa = PBXBuildFile; fileRef = 281208042684F31A009B06DA /* SceneDelegate.swift */; };
		281208072684F31A009B06DA /* ViewController.swift in Sources */ = {isa = PBXBuildFile; fileRef = 281208062684F31A009B06DA /* ViewController.swift */; };
		2812080A2684F31A009B06DA /* Main.storyboard in Resources */ = {isa = PBXBuildFile; fileRef = 281208082684F31A009B06DA /* Main.storyboard */; };
		2812080D2684F31A009B06DA /* Car.xcdatamodeld in Sources */ = {isa = PBXBuildFile; fileRef = 2812080B2684F31A009B06DA /* Car.xcdatamodeld */; };
		2812080F2684F31B009B06DA /* Assets.xcassets in Resources */ = {isa = PBXBuildFile; fileRef = 2812080E2684F31B009B06DA /* Assets.xcassets */; };
		281208122684F31B009B06DA /* LaunchScreen.storyboard in Resources */ = {isa = PBXBuildFile; fileRef = 281208102684F31B009B06DA /* LaunchScreen.storyboard */; };
/* End PBXBuildFile section */

/* Begin PBXFileReference section */
		281207FF2684F31A009B06DA /* Car.app */ = {isa = PBXFileReference; explicitFileType = wrapper.application; includeInIndex = 0; path = Car.app; sourceTree = BUILT_PRODUCTS_DIR; };
		281208022684F31A009B06DA /* AppDelegate.swift */ = {isa = PBXFileReference; lastKnownFileType = sourcecode.swift; path = AppDelegate.swift; sourceTree = "<group>"; };
		281208042684F31A009B06DA /* SceneDelegate.swift */ = {isa = PBXFileReference; lastKnownFileType = sourcecode.swift; path = SceneDelegate.swift; sourceTree = "<group>"; };
		281208062684F31A009B06DA /* ViewController.swift */ = {isa = PBXFileReference; lastKnownFileType = sourcecode.swift; path = ViewController.swift; sourceTree = "<group>"; };
		281208092684F31A009B06DA /* Base */ = {isa = PBXFileReference; lastKnownFileType = file.storyboard; name = Base; path = Base.lproj/Main.storyboard; sourceTree = "<group>"; };
		2812080C2684F31A009B06DA /* Car.xcdatamodel */ = {isa = PBXFileReference; lastKnownFileType = wrapper.xcdatamodel; path = Car.xcdatamodel; sourceTree = "<group>"; };
		2812080E2684F31B009B06DA /* Assets.xcassets */ = {isa = PBXFileReference; lastKnownFileType = folder.assetcatalog; path = Assets.xcassets; sourceTree = "<group>"; };
		281208112684F31B009B06DA /* Base */ = {isa = PBXFileReference; lastKnownFileType = file.storyboard; name = Base; path = Base.lproj/LaunchScreen.storyboard; sourceTree = "<group>"; };
		281208132684F31B009B06DA /* Info.plist */ = {isa = PBXFileReference; lastKnownFileType = text.plist.xml; path = Info.plist; sourceTree = "<group>"; };
/* End PBXFileReference section */

/* Begin PBXFrameworksBuildPhase section */
		281207FC2684F31A009B06DA /* Frameworks */ = {
			isa = PBXFrameworksBuildPhase;
			buildActionMask = 2147483647;
			files = (
			);
			runOnlyForDeploymentPostprocessing = 0;
		};
/* End PBXFrameworksBuildPhase section */

/* Begin PBXGroup section */
		281207F62684F31A009B06DA = {
			isa = PBXGroup;
			children = (
				281208012684F31A009B06DA /* Car */,
				281208002684F31A009B06DA /* Products */,
			);
			sourceTree = "<group>";
		};
		281208002684F31A009B06DA /* Products */ = {
			isa = PBXGroup;
			children = (
				281207FF2684F31A009B06DA /* Car.app */,
			);
			name = Products;
			sourceTree = "<group>";
		};
		281208012684F31A009B06DA /* Car */ = {
			isa = PBXGroup;
			children = (
				281208022684F31A009B06DA /* AppDelegate.swift */,
				281208042684F31A009B06DA /* SceneDelegate.swift */,
				281208062684F31A009B06DA /* ViewController.swift */,
				281208082684F31A009B06DA /* Main.storyboard */,
				2812080E2684F31B009B06DA /* Assets.xcassets */,
				281208102684F31B009B06DA /* LaunchScreen.storyboard */,
				281208132684F31B009B06DA /* Info.plist */,
				2812080B2684F31A009B06DA /* Car.xcdatamodeld */,
			);
			path = Car;
			sourceTree = "<group>";
		};
/* End PBXGroup section */

/* Begin PBXNativeTarget section */
		281207FE2684F31A009B06DA /* Car */ = {
			isa = PBXNativeTarget;
			buildConfigurationList = 281208162684F31B009B06DA /* Build configuration list for PBXNativeTarget "Car" */;
			buildPhases = (
				281207FB2684F31A009B06DA /* Sources */,
				281207FC2684F31A009B06DA /* Frameworks */,
				281207FD2684F31A009B06DA /* Resources */,
			);
			buildRules = (
			);
			dependencies = (
			);
			name = Car;
			productName = Car;
			productReference = 281207FF2684F31A009B06DA /* Car.app */;
			productType = "com.apple.product-type.application";
		};
/* End PBXNativeTarget section */

/* Begin PBXProject section */
		281207F72684F31A009B06DA /* Project object */ = {
			isa = PBXProject;
			attributes = {
				LastSwiftUpdateCheck = 1250;
				LastUpgradeCheck = 1250;
				TargetAttributes = {
					281207FE2684F31A009B06DA = {
						CreatedOnToolsVersion = 12.5;
					};
				};
			};
			buildConfigurationList = 281207FA2684F31A009B06DA /* Build configuration list for PBXProject "Car" */;
			compatibilityVersion = "Xcode 9.3";
			developmentRegion = en;
			hasScannedForEncodings = 0;
			knownRegions = (
				en,
				Base,
			);
			mainGroup = 281207F62684F31A009B06DA;
			productRefGroup = 281208002684F31A009B06DA /* Products */;
			projectDirPath = "";
			projectRoot = "";
			targets = (
				281207FE2684F31A009B06DA /* Car */,
			);
		};
/* End PBXProject section */

/* Begin PBXResourcesBuildPhase section */
		281207FD2684F31A009B06DA /* Resources */ = {
			isa = PBXResourcesBuildPhase;
			buildActionMask = 2147483647;
			files = (
				281208122684F31B009B06DA /* LaunchScreen.storyboard in Resources */,
				2812080F2684F31B009B06DA /* Assets.xcassets in Resources */,
				2812080A2684F31A009B06DA /* Main.storyboard in Resources */,
			);
			runOnlyForDeploymentPostprocessing = 0;
		};
/* End PBXResourcesBuildPhase section */

/* Begin PBXSourcesBuildPhase section */
		281207FB2684F31A009B06DA /* Sources */ = {
			isa = PBXSourcesBuildPhase;
			buildActionMask = 2147483647;
			files = (
				281208072684F31A009B06DA /* ViewController.swift in Sources */,
				281208032684F31A009B06DA /* AppDelegate.swift in Sources */,
				2812080D2684F31A009B06DA /* Car.xcdatamodeld in Sources */,
				281208052684F31A009B06DA /* SceneDelegate.swift in Sources */,
			);
			runOnlyForDeploymentPostprocessing = 0;
		};
/* End PBXSourcesBuildPhase section */

/* Begin PBXVariantGroup section */
		281208082684F31A009B06DA /* Main.storyboard */ = {
			isa = PBXVariantGroup;
			children = (
				281208092684F31A009B06DA /* Base */,
			);
			name = Main.storyboard;
			sourceTree = "<group>";
		};
		281208102684F31B009B06DA /* LaunchScreen.storyboard */ = {
			isa = PBXVariantGroup;
			children = (
				281208112684F31B009B06DA /* Base */,
			);
			name = LaunchScreen.storyboard;
			sourceTree = "<group>";
		};
/* End PBXVariantGroup section */

/* Begin XCBuildConfiguration section */
		281208142684F31B009B06DA /* Debug */ = {
			isa = XCBuildConfiguration;
			buildSettings = {
				ALWAYS_SEARCH_USER_PATHS = NO;
				CLANG_ANALYZER_NONNULL = YES;
				CLANG_ANALYZER_NUMBER_OBJECT_CONVERSION = YES_AGGRESSIVE;
				CLANG_CXX_LANGUAGE_STANDARD = "gnu++14";
				CLANG_CXX_LIBRARY = "libc++";
				CLANG_ENABLE_MODULES = YES;
				CLANG_ENABLE_OBJC_ARC = YES;
				CLANG_ENABLE_OBJC_WEAK = YES;
				CLANG_WARN_BLOCK_CAPTURE_AUTORELEASING = YES;
				CLANG_WARN_BOOL_CONVERSION = YES;
				CLANG_WARN_COMMA = YES;
				CLANG_WARN_CONSTANT_CONVERSION = YES;
				CLANG_WARN_DEPRECATED_OBJC_IMPLEMENTATIONS = YES;
				CLANG_WARN_DIRECT_OBJC_ISA_USAGE = YES_ERROR;
				CLANG_WARN_DOCUMENTATION_COMMENTS = YES;
				CLANG_WARN_EMPTY_BODY = YES;
				CLANG_WARN_ENUM_CONVERSION = YES;
				CLANG_WARN_INFINITE_RECURSION = YES;
				CLANG_WARN_INT_CONVERSION = YES;
				CLANG_WARN_NON_LITERAL_NULL_CONVERSION = YES;
				CLANG_WARN_OBJC_IMPLICIT_RETAIN_SELF = YES;
				CLANG_WARN_OBJC_LITERAL_CONVERSION = YES;
				CLANG_WARN_OBJC_ROOT_CLASS = YES_ERROR;
				CLANG_WARN_QUOTED_INCLUDE_IN_FRAMEWORK_HEADER = YES;
				CLANG_WARN_RANGE_LOOP_ANALYSIS = YES;
				CLANG_WARN_STRICT_PROTOTYPES = YES;
				CLANG_WARN_SUSPICIOUS_MOVE = YES;
				CLANG_WARN_UNGUARDED_AVAILABILITY = YES_AGGRESSIVE;
				CLANG_WARN_UNREACHABLE_CODE = YES;
				CLANG_WARN__DUPLICATE_METHOD_MATCH = YES;
				COPY_PHASE_STRIP = NO;
				DEBUG_INFORMATION_FORMAT = dwarf;
				ENABLE_STRICT_OBJC_MSGSEND = YES;
				ENABLE_TESTABILITY = YES;
				GCC_C_LANGUAGE_STANDARD = gnu11;
				GCC_DYNAMIC_NO_PIC = NO;
				GCC_NO_COMMON_BLOCKS = YES;
				GCC_OPTIMIZATION_LEVEL = 0;
				GCC_PREPROCESSOR_DEFINITIONS = (
					"DEBUG=1",
					"$(inherited)",
				);
				GCC_WARN_64_TO_32_BIT_CONVERSION = YES;
				GCC_WARN_ABOUT_RETURN_TYPE = YES_ERROR;
				GCC_WARN_UNDECLARED_SELECTOR = YES;
				GCC_WARN_UNINITIALIZED_AUTOS = YES_AGGRESSIVE;
				GCC_WARN_UNUSED_FUNCTION = YES;
				GCC_WARN_UNUSED_VARIABLE = YES;
				IPHONEOS_DEPLOYMENT_TARGET = 14.5;
				MTL_ENABLE_DEBUG_INFO = INCLUDE_SOURCE;
				MTL_FAST_MATH = YES;
				ONLY_ACTIVE_ARCH = YES;
				SDKROOT = iphoneos;
				SWIFT_ACTIVE_COMPILATION_CONDITIONS = DEBUG;
				SWIFT_OPTIMIZATION_LEVEL = "-Onone";
			};
			name = Debug;
		};
		281208152684F31B009B06DA /* Release */ = {
			isa = XCBuildConfiguration;
			buildSettings = {
				ALWAYS_SEARCH_USER_PATHS = NO;
				CLANG_ANALYZER_NONNULL = YES;
				CLANG_ANALYZER_NUMBER_OBJECT_CONVERSION = YES_AGGRESSIVE;
				CLANG_CXX_LANGUAGE_STANDARD = "gnu++14";
				CLANG_CXX_LIBRARY = "libc++";
				CLANG_ENABLE_MODULES = YES;
				CLANG_ENABLE_OBJC_ARC = YES;
				CLANG_ENABLE_OBJC_WEAK = YES;
				CLANG_WARN_BLOCK_CAPTURE_AUTORELEASING = YES;
				CLANG_WARN_BOOL_CONVERSION = YES;
				CLANG_WARN_COMMA = YES;
				CLANG_WARN_CONSTANT_CONVERSION = YES;
				CLANG_WARN_DEPRECATED_OBJC_IMPLEMENTATIONS = YES;
				CLANG_WARN_DIRECT_OBJC_ISA_USAGE = YES_ERROR;
				CLANG_WARN_DOCUMENTATION_COMMENTS = YES;
				CLANG_WARN_EMPTY_BODY = YES;
				CLANG_WARN_ENUM_CONVERSION = YES;
				CLANG_WARN_INFINITE_RECURSION = YES;
				CLANG_WARN_INT_CONVERSION = YES;
				CLANG_WARN_NON_LITERAL_NULL_CONVERSION = YES;
				CLANG_WARN_OBJC_IMPLICIT_RETAIN_SELF = YES;
				CLANG_WARN_OBJC_LITERAL_CONVERSION = YES;
				CLANG_WARN_OBJC_ROOT_CLASS = YES_ERROR;
				CLANG_WARN_QUOTED_INCLUDE_IN_FRAMEWORK_HEADER = YES;
				CLANG_WARN_RANGE_LOOP_ANALYSIS = YES;
				CLANG_WARN_STRICT_PROTOTYPES = YES;
				CLANG_WARN_SUSPICIOUS_MOVE = YES;
				CLANG_WARN_UNGUARDED_AVAILABILITY = YES_AGGRESSIVE;
				CLANG_WARN_UNREACHABLE_CODE = YES;
				CLANG_WARN__DUPLICATE_METHOD_MATCH = YES;
				COPY_PHASE_STRIP = NO;
				DEBUG_INFORMATION_FORMAT = "dwarf-with-dsym";
				ENABLE_NS_ASSERTIONS = NO;
				ENABLE_STRICT_OBJC_MSGSEND = YES;
				GCC_C_LANGUAGE_STANDARD = gnu11;
				GCC_NO_COMMON_BLOCKS = YES;
				GCC_WARN_64_TO_32_BIT_CONVERSION = YES;
				GCC_WARN_ABOUT_RETURN_TYPE = YES_ERROR;
				GCC_WARN_UNDECLARED_SELECTOR = YES;
				GCC_WARN_UNINITIALIZED_AUTOS = YES_AGGRESSIVE;
				GCC_WARN_UNUSED_FUNCTION = YES;
				GCC_WARN_UNUSED_VARIABLE = YES;
				IPHONEOS_DEPLOYMENT_TARGET = 14.5;
				MTL_ENABLE_DEBUG_INFO = NO;
				MTL_FAST_MATH = YES;
				SDKROOT = iphoneos;
				SWIFT_COMPILATION_MODE = wholemodule;
				SWIFT_OPTIMIZATION_LEVEL = "-O";
				VALIDATE_PRODUCT = YES;
			};
			name = Release;
		};
		281208172684F31B009B06DA /* Debug */ = {
			isa = XCBuildConfiguration;
			buildSettings = {
				ASSETCATALOG_COMPILER_APPICON_NAME = AppIcon;
				ASSETCATALOG_COMPILER_GLOBAL_ACCENT_COLOR_NAME = AccentColor;
				CODE_SIGN_STYLE = Automatic;
				DEVELOPMENT_TEAM = VYL5GRS47S;
				INFOPLIST_FILE = Car/Info.plist;
				LD_RUNPATH_SEARCH_PATHS = (
					"$(inherited)",
					"@executable_path/Frameworks",
				);
				PRODUCT_BUNDLE_IDENTIFIER = tsolovart.Car;
				PRODUCT_NAME = "$(TARGET_NAME)";
				SWIFT_VERSION = 5.0;
				TARGETED_DEVICE_FAMILY = "1,2";
			};
			name = Debug;
		};
		281208182684F31B009B06DA /* Release */ = {
			isa = XCBuildConfiguration;
			buildSettings = {
				ASSETCATALOG_COMPILER_APPICON_NAME = AppIcon;
				ASSETCATALOG_COMPILER_GLOBAL_ACCENT_COLOR_NAME = AccentColor;
				CODE_SIGN_STYLE = Automatic;
				DEVELOPMENT_TEAM = VYL5GRS47S;
				INFOPLIST_FILE = Car/Info.plist;
				LD_RUNPATH_SEARCH_PATHS = (
					"$(inherited)",
					"@executable_path/Frameworks",
				);
				PRODUCT_BUNDLE_IDENTIFIER = tsolovart.Car;
				PRODUCT_NAME = "$(TARGET_NAME)";
				SWIFT_VERSION = 5.0;
				TARGETED_DEVICE_FAMILY = "1,2";
			};
			name = Release;
		};
/* End XCBuildConfiguration section */

/* Begin XCConfigurationList section */
		281207FA2684F31A009B06DA /* Build configuration list for PBXProject "Car" */ = {
			isa = XCConfigurationList;
			buildConfigurations = (
				281208142684F31B009B06DA /* Debug */,
				281208152684F31B009B06DA /* Release */,
			);
			defaultConfigurationIsVisible = 0;
			defaultConfigurationName = Release;
		};
		281208162684F31B009B06DA /* Build configuration list for PBXNativeTarget "Car" */ = {
			isa = XCConfigurationList;
			buildConfigurations = (
				281208172684F31B009B06DA /* Debug */,
				281208182684F31B009B06DA /* Release */,
			);
			defaultConfigurationIsVisible = 0;
			defaultConfigurationName = Release;
		};
/* End XCConfigurationList section */

/* Begin XCVersionGroup section */
		2812080B2684F31A009B06DA /* Car.xcdatamodeld */ = {
			isa = XCVersionGroup;
			children = (
				2812080C2684F31A009B06DA /* Car.xcdatamodel */,
			);
			currentVersion = 2812080C2684F31A009B06DA /* Car.xcdatamodel */;
			path = Car.xcdatamodeld;
			sourceTree = "<group>";
			versionGroupType = wrapper.xcdatamodel;
		};
/* End XCVersionGroup section */
	};
	rootObject = 281207F72684F31A009B06DA /* Project object */;
}
